// !$*UTF8*$!
{
	archiveVersion = 1;
	classes = {
	};
	objectVersion = 46;
	objects = {

/* Begin PBXBuildFile section */
		4D8A3EF11CF3D14D000C2D42 /* main.m in Sources */ = {isa = PBXBuildFile; fileRef = 4D8A3EF01CF3D14D000C2D42 /* main.m */; };
		4D8A3EFA1CF3D14D000C2D42 /* Main.storyboard in Resources */ = {isa = PBXBuildFile; fileRef = 4D8A3EF81CF3D14D000C2D42 /* Main.storyboard */; };
		4D8A3EFD1CF3D14D000C2D42 /* DailyNote.xcdatamodeld in Sources */ = {isa = PBXBuildFile; fileRef = 4D8A3EFB1CF3D14D000C2D42 /* DailyNote.xcdatamodeld */; };
		4D8A3EFF1CF3D14D000C2D42 /* Assets.xcassets in Resources */ = {isa = PBXBuildFile; fileRef = 4D8A3EFE1CF3D14D000C2D42 /* Assets.xcassets */; };
		4D8A3F021CF3D14D000C2D42 /* LaunchScreen.storyboard in Resources */ = {isa = PBXBuildFile; fileRef = 4D8A3F001CF3D14D000C2D42 /* LaunchScreen.storyboard */; };
		4D8A3F0D1CF3D14D000C2D42 /* DailyNoteTests.m in Sources */ = {isa = PBXBuildFile; fileRef = 4D8A3F0C1CF3D14D000C2D42 /* DailyNoteTests.m */; };
		4D8A3F181CF3D14D000C2D42 /* DailyNoteUITests.m in Sources */ = {isa = PBXBuildFile; fileRef = 4D8A3F171CF3D14D000C2D42 /* DailyNoteUITests.m */; };
		4D8A3F341CF3D615000C2D42 /* AppDelegate.m in Sources */ = {isa = PBXBuildFile; fileRef = 4D8A3F281CF3D615000C2D42 /* AppDelegate.m */; };
		4D8A3F381CF3D769000C2D42 /* WLLDailyNoteViewController.m in Sources */ = {isa = PBXBuildFile; fileRef = 4D8A3F361CF3D769000C2D42 /* WLLDailyNoteViewController.m */; };
		4D8A3F391CF3D769000C2D42 /* WLLDailyNoteViewController.xib in Resources */ = {isa = PBXBuildFile; fileRef = 4D8A3F371CF3D769000C2D42 /* WLLDailyNoteViewController.xib */; };
		4D8A3F3D1CF3D7A1000C2D42 /* WLLShareViewController.m in Sources */ = {isa = PBXBuildFile; fileRef = 4D8A3F3B1CF3D7A1000C2D42 /* WLLShareViewController.m */; };
		4D8A3F3E1CF3D7A1000C2D42 /* WLLShareViewController.xib in Resources */ = {isa = PBXBuildFile; fileRef = 4D8A3F3C1CF3D7A1000C2D42 /* WLLShareViewController.xib */; };
		4D8A3F421CF3D7C1000C2D42 /* WLLUserViewController.m in Sources */ = {isa = PBXBuildFile; fileRef = 4D8A3F401CF3D7C1000C2D42 /* WLLUserViewController.m */; };
		4D8A3F431CF3D7C1000C2D42 /* WLLUserViewController.xib in Resources */ = {isa = PBXBuildFile; fileRef = 4D8A3F411CF3D7C1000C2D42 /* WLLUserViewController.xib */; };
		4D8A3F471CF423F1000C2D42 /* WLLLogInViewController.m in Sources */ = {isa = PBXBuildFile; fileRef = 4D8A3F451CF423F1000C2D42 /* WLLLogInViewController.m */; };
		4D8A3F481CF423F1000C2D42 /* WLLLogInViewController.xib in Resources */ = {isa = PBXBuildFile; fileRef = 4D8A3F461CF423F1000C2D42 /* WLLLogInViewController.xib */; };
		688F9BB8C948A1B2594BF8DD /* libPods-DailyNote.a in Frameworks */ = {isa = PBXBuildFile; fileRef = 3A274DBB65D8CD8315FA844C /* libPods-DailyNote.a */; };
		F3BE26EE1CF445F50071855E /* DailyNoteCell.m in Sources */ = {isa = PBXBuildFile; fileRef = F3BE26EC1CF445F50071855E /* DailyNoteCell.m */; };
		F3BE26EF1CF445F50071855E /* DailyNoteCell.xib in Resources */ = {isa = PBXBuildFile; fileRef = F3BE26ED1CF445F50071855E /* DailyNoteCell.xib */; };
		F3BE26F81CF49DA00071855E /* WLLNoteDetailViewController.m in Sources */ = {isa = PBXBuildFile; fileRef = F3BE26F61CF49DA00071855E /* WLLNoteDetailViewController.m */; };
		F3BE26F91CF49DA00071855E /* WLLNoteDetailViewController.xib in Resources */ = {isa = PBXBuildFile; fileRef = F3BE26F71CF49DA00071855E /* WLLNoteDetailViewController.xib */; };
		F3BE26FD1CF4ACA40071855E /* EditNoteViewController.m in Sources */ = {isa = PBXBuildFile; fileRef = F3BE26FB1CF4ACA40071855E /* EditNoteViewController.m */; };
		F3BE26FE1CF4ACA40071855E /* EditNoteViewController.xib in Resources */ = {isa = PBXBuildFile; fileRef = F3BE26FC1CF4ACA40071855E /* EditNoteViewController.xib */; };
		F3BE27041CF4CC460071855E /* WLLCategoryButton.m in Sources */ = {isa = PBXBuildFile; fileRef = F3BE27031CF4CC460071855E /* WLLCategoryButton.m */; };
		F3BE270F1CF4D99A0071855E /* WLLNotesCategoryView.m in Sources */ = {isa = PBXBuildFile; fileRef = F3BE270E1CF4D99A0071855E /* WLLNotesCategoryView.m */; };
		F3BE27121CF4DA0E0071855E /* WLLNotesCategoryController.m in Sources */ = {isa = PBXBuildFile; fileRef = F3BE27111CF4DA0E0071855E /* WLLNotesCategoryController.m */; };
		F3BE27141CF4DA2C0071855E /* WLLNotesCategoryController.xib in Resources */ = {isa = PBXBuildFile; fileRef = F3BE27131CF4DA2C0071855E /* WLLNotesCategoryController.xib */; };
/* End PBXBuildFile section */

/* Begin PBXContainerItemProxy section */
		4D8A3F091CF3D14D000C2D42 /* PBXContainerItemProxy */ = {
			isa = PBXContainerItemProxy;
			containerPortal = 4D8A3EE41CF3D14D000C2D42 /* Project object */;
			proxyType = 1;
			remoteGlobalIDString = 4D8A3EEB1CF3D14D000C2D42;
			remoteInfo = DailyNote;
		};
		4D8A3F141CF3D14D000C2D42 /* PBXContainerItemProxy */ = {
			isa = PBXContainerItemProxy;
			containerPortal = 4D8A3EE41CF3D14D000C2D42 /* Project object */;
			proxyType = 1;
			remoteGlobalIDString = 4D8A3EEB1CF3D14D000C2D42;
			remoteInfo = DailyNote;
		};
/* End PBXContainerItemProxy section */

/* Begin PBXFileReference section */
		0428E0BC44A15683D73BA0BF /* Pods-DailyNote.debug.xcconfig */ = {isa = PBXFileReference; includeInIndex = 1; lastKnownFileType = text.xcconfig; name = "Pods-DailyNote.debug.xcconfig"; path = "Pods/Target Support Files/Pods-DailyNote/Pods-DailyNote.debug.xcconfig"; sourceTree = "<group>"; };
		3A274DBB65D8CD8315FA844C /* libPods-DailyNote.a */ = {isa = PBXFileReference; explicitFileType = archive.ar; includeInIndex = 0; path = "libPods-DailyNote.a"; sourceTree = BUILT_PRODUCTS_DIR; };
		4D8A3EEC1CF3D14D000C2D42 /* DailyNote.app */ = {isa = PBXFileReference; explicitFileType = wrapper.application; includeInIndex = 0; path = DailyNote.app; sourceTree = BUILT_PRODUCTS_DIR; };
		4D8A3EF01CF3D14D000C2D42 /* main.m */ = {isa = PBXFileReference; lastKnownFileType = sourcecode.c.objc; path = main.m; sourceTree = "<group>"; };
		4D8A3EF91CF3D14D000C2D42 /* Base */ = {isa = PBXFileReference; lastKnownFileType = file.storyboard; name = Base; path = Base.lproj/Main.storyboard; sourceTree = "<group>"; };
		4D8A3EFC1CF3D14D000C2D42 /* DailyNote.xcdatamodel */ = {isa = PBXFileReference; lastKnownFileType = wrapper.xcdatamodel; path = DailyNote.xcdatamodel; sourceTree = "<group>"; };
		4D8A3EFE1CF3D14D000C2D42 /* Assets.xcassets */ = {isa = PBXFileReference; lastKnownFileType = folder.assetcatalog; path = Assets.xcassets; sourceTree = "<group>"; };
		4D8A3F011CF3D14D000C2D42 /* Base */ = {isa = PBXFileReference; lastKnownFileType = file.storyboard; name = Base; path = Base.lproj/LaunchScreen.storyboard; sourceTree = "<group>"; };
		4D8A3F031CF3D14D000C2D42 /* Info.plist */ = {isa = PBXFileReference; lastKnownFileType = text.plist.xml; path = Info.plist; sourceTree = "<group>"; };
		4D8A3F081CF3D14D000C2D42 /* DailyNoteTests.xctest */ = {isa = PBXFileReference; explicitFileType = wrapper.cfbundle; includeInIndex = 0; path = DailyNoteTests.xctest; sourceTree = BUILT_PRODUCTS_DIR; };
		4D8A3F0C1CF3D14D000C2D42 /* DailyNoteTests.m */ = {isa = PBXFileReference; lastKnownFileType = sourcecode.c.objc; path = DailyNoteTests.m; sourceTree = "<group>"; };
		4D8A3F0E1CF3D14D000C2D42 /* Info.plist */ = {isa = PBXFileReference; lastKnownFileType = text.plist.xml; path = Info.plist; sourceTree = "<group>"; };
		4D8A3F131CF3D14D000C2D42 /* DailyNoteUITests.xctest */ = {isa = PBXFileReference; explicitFileType = wrapper.cfbundle; includeInIndex = 0; path = DailyNoteUITests.xctest; sourceTree = BUILT_PRODUCTS_DIR; };
		4D8A3F171CF3D14D000C2D42 /* DailyNoteUITests.m */ = {isa = PBXFileReference; lastKnownFileType = sourcecode.c.objc; path = DailyNoteUITests.m; sourceTree = "<group>"; };
		4D8A3F191CF3D14D000C2D42 /* Info.plist */ = {isa = PBXFileReference; lastKnownFileType = text.plist.xml; path = Info.plist; sourceTree = "<group>"; };
		4D8A3F271CF3D615000C2D42 /* AppDelegate.h */ = {isa = PBXFileReference; fileEncoding = 4; lastKnownFileType = sourcecode.c.h; path = AppDelegate.h; sourceTree = "<group>"; };
		4D8A3F281CF3D615000C2D42 /* AppDelegate.m */ = {isa = PBXFileReference; fileEncoding = 4; lastKnownFileType = sourcecode.c.objc; path = AppDelegate.m; sourceTree = "<group>"; };
		4D8A3F351CF3D769000C2D42 /* WLLDailyNoteViewController.h */ = {isa = PBXFileReference; fileEncoding = 4; lastKnownFileType = sourcecode.c.h; path = WLLDailyNoteViewController.h; sourceTree = "<group>"; };
		4D8A3F361CF3D769000C2D42 /* WLLDailyNoteViewController.m */ = {isa = PBXFileReference; fileEncoding = 4; lastKnownFileType = sourcecode.c.objc; path = WLLDailyNoteViewController.m; sourceTree = "<group>"; };
		4D8A3F371CF3D769000C2D42 /* WLLDailyNoteViewController.xib */ = {isa = PBXFileReference; fileEncoding = 4; lastKnownFileType = file.xib; path = WLLDailyNoteViewController.xib; sourceTree = "<group>"; };
		4D8A3F3A1CF3D7A1000C2D42 /* WLLShareViewController.h */ = {isa = PBXFileReference; fileEncoding = 4; lastKnownFileType = sourcecode.c.h; path = WLLShareViewController.h; sourceTree = "<group>"; };
		4D8A3F3B1CF3D7A1000C2D42 /* WLLShareViewController.m */ = {isa = PBXFileReference; fileEncoding = 4; lastKnownFileType = sourcecode.c.objc; path = WLLShareViewController.m; sourceTree = "<group>"; };
		4D8A3F3C1CF3D7A1000C2D42 /* WLLShareViewController.xib */ = {isa = PBXFileReference; fileEncoding = 4; lastKnownFileType = file.xib; path = WLLShareViewController.xib; sourceTree = "<group>"; };
		4D8A3F3F1CF3D7C1000C2D42 /* WLLUserViewController.h */ = {isa = PBXFileReference; fileEncoding = 4; lastKnownFileType = sourcecode.c.h; path = WLLUserViewController.h; sourceTree = "<group>"; };
		4D8A3F401CF3D7C1000C2D42 /* WLLUserViewController.m */ = {isa = PBXFileReference; fileEncoding = 4; lastKnownFileType = sourcecode.c.objc; path = WLLUserViewController.m; sourceTree = "<group>"; };
		4D8A3F411CF3D7C1000C2D42 /* WLLUserViewController.xib */ = {isa = PBXFileReference; fileEncoding = 4; lastKnownFileType = file.xib; path = WLLUserViewController.xib; sourceTree = "<group>"; };
		4D8A3F441CF423F1000C2D42 /* WLLLogInViewController.h */ = {isa = PBXFileReference; fileEncoding = 4; lastKnownFileType = sourcecode.c.h; path = WLLLogInViewController.h; sourceTree = "<group>"; };
		4D8A3F451CF423F1000C2D42 /* WLLLogInViewController.m */ = {isa = PBXFileReference; fileEncoding = 4; lastKnownFileType = sourcecode.c.objc; path = WLLLogInViewController.m; sourceTree = "<group>"; };
		4D8A3F461CF423F1000C2D42 /* WLLLogInViewController.xib */ = {isa = PBXFileReference; fileEncoding = 4; lastKnownFileType = file.xib; path = WLLLogInViewController.xib; sourceTree = "<group>"; };
		AA9803D23890D8C5859509F5 /* Pods-DailyNote.release.xcconfig */ = {isa = PBXFileReference; includeInIndex = 1; lastKnownFileType = text.xcconfig; name = "Pods-DailyNote.release.xcconfig"; path = "Pods/Target Support Files/Pods-DailyNote/Pods-DailyNote.release.xcconfig"; sourceTree = "<group>"; };
		F3BE26EB1CF445F50071855E /* DailyNoteCell.h */ = {isa = PBXFileReference; fileEncoding = 4; lastKnownFileType = sourcecode.c.h; path = DailyNoteCell.h; sourceTree = "<group>"; };
		F3BE26EC1CF445F50071855E /* DailyNoteCell.m */ = {isa = PBXFileReference; fileEncoding = 4; lastKnownFileType = sourcecode.c.objc; path = DailyNoteCell.m; sourceTree = "<group>"; };
		F3BE26ED1CF445F50071855E /* DailyNoteCell.xib */ = {isa = PBXFileReference; fileEncoding = 4; lastKnownFileType = file.xib; path = DailyNoteCell.xib; sourceTree = "<group>"; };
		F3BE26F51CF49DA00071855E /* WLLNoteDetailViewController.h */ = {isa = PBXFileReference; fileEncoding = 4; lastKnownFileType = sourcecode.c.h; path = WLLNoteDetailViewController.h; sourceTree = "<group>"; };
		F3BE26F61CF49DA00071855E /* WLLNoteDetailViewController.m */ = {isa = PBXFileReference; fileEncoding = 4; lastKnownFileType = sourcecode.c.objc; path = WLLNoteDetailViewController.m; sourceTree = "<group>"; };
		F3BE26F71CF49DA00071855E /* WLLNoteDetailViewController.xib */ = {isa = PBXFileReference; fileEncoding = 4; lastKnownFileType = file.xib; path = WLLNoteDetailViewController.xib; sourceTree = "<group>"; };
		F3BE26FA1CF4ACA40071855E /* EditNoteViewController.h */ = {isa = PBXFileReference; fileEncoding = 4; lastKnownFileType = sourcecode.c.h; path = EditNoteViewController.h; sourceTree = "<group>"; };
		F3BE26FB1CF4ACA40071855E /* EditNoteViewController.m */ = {isa = PBXFileReference; fileEncoding = 4; lastKnownFileType = sourcecode.c.objc; path = EditNoteViewController.m; sourceTree = "<group>"; };
		F3BE26FC1CF4ACA40071855E /* EditNoteViewController.xib */ = {isa = PBXFileReference; fileEncoding = 4; lastKnownFileType = file.xib; path = EditNoteViewController.xib; sourceTree = "<group>"; };
		F3BE27021CF4CC460071855E /* WLLCategoryButton.h */ = {isa = PBXFileReference; fileEncoding = 4; lastKnownFileType = sourcecode.c.h; path = WLLCategoryButton.h; sourceTree = "<group>"; };
		F3BE27031CF4CC460071855E /* WLLCategoryButton.m */ = {isa = PBXFileReference; fileEncoding = 4; lastKnownFileType = sourcecode.c.objc; path = WLLCategoryButton.m; sourceTree = "<group>"; };
		F3BE270D1CF4D99A0071855E /* WLLNotesCategoryView.h */ = {isa = PBXFileReference; fileEncoding = 4; lastKnownFileType = sourcecode.c.h; path = WLLNotesCategoryView.h; sourceTree = "<group>"; };
		F3BE270E1CF4D99A0071855E /* WLLNotesCategoryView.m */ = {isa = PBXFileReference; fileEncoding = 4; lastKnownFileType = sourcecode.c.objc; path = WLLNotesCategoryView.m; sourceTree = "<group>"; };
		F3BE27101CF4DA0E0071855E /* WLLNotesCategoryController.h */ = {isa = PBXFileReference; fileEncoding = 4; lastKnownFileType = sourcecode.c.h; path = WLLNotesCategoryController.h; sourceTree = "<group>"; };
		F3BE27111CF4DA0E0071855E /* WLLNotesCategoryController.m */ = {isa = PBXFileReference; fileEncoding = 4; lastKnownFileType = sourcecode.c.objc; path = WLLNotesCategoryController.m; sourceTree = "<group>"; };
		F3BE27131CF4DA2C0071855E /* WLLNotesCategoryController.xib */ = {isa = PBXFileReference; fileEncoding = 4; lastKnownFileType = file.xib; path = WLLNotesCategoryController.xib; sourceTree = "<group>"; };
/* End PBXFileReference section */

/* Begin PBXFrameworksBuildPhase section */
		4D8A3EE91CF3D14D000C2D42 /* Frameworks */ = {
			isa = PBXFrameworksBuildPhase;
			buildActionMask = 2147483647;
			files = (
				688F9BB8C948A1B2594BF8DD /* libPods-DailyNote.a in Frameworks */,
			);
			runOnlyForDeploymentPostprocessing = 0;
		};
		4D8A3F051CF3D14D000C2D42 /* Frameworks */ = {
			isa = PBXFrameworksBuildPhase;
			buildActionMask = 2147483647;
			files = (
			);
			runOnlyForDeploymentPostprocessing = 0;
		};
		4D8A3F101CF3D14D000C2D42 /* Frameworks */ = {
			isa = PBXFrameworksBuildPhase;
			buildActionMask = 2147483647;
			files = (
			);
			runOnlyForDeploymentPostprocessing = 0;
		};
/* End PBXFrameworksBuildPhase section */

/* Begin PBXGroup section */
		1399C1F2AA9549EC9B66AAC2 /* Pods */ = {
			isa = PBXGroup;
			children = (
				0428E0BC44A15683D73BA0BF /* Pods-DailyNote.debug.xcconfig */,
				AA9803D23890D8C5859509F5 /* Pods-DailyNote.release.xcconfig */,
			);
			name = Pods;
			sourceTree = "<group>";
		};
		4D8A3EE31CF3D14D000C2D42 = {
			isa = PBXGroup;
			children = (
				4D8A3EEE1CF3D14D000C2D42 /* DailyNote */,
				4D8A3F0B1CF3D14D000C2D42 /* DailyNoteTests */,
				4D8A3F161CF3D14D000C2D42 /* DailyNoteUITests */,
				4D8A3EED1CF3D14D000C2D42 /* Products */,
				1399C1F2AA9549EC9B66AAC2 /* Pods */,
				F4D1E47F5F7EEB4860E1E806 /* Frameworks */,
			);
			sourceTree = "<group>";
		};
		4D8A3EED1CF3D14D000C2D42 /* Products */ = {
			isa = PBXGroup;
			children = (
				4D8A3EEC1CF3D14D000C2D42 /* DailyNote.app */,
				4D8A3F081CF3D14D000C2D42 /* DailyNoteTests.xctest */,
				4D8A3F131CF3D14D000C2D42 /* DailyNoteUITests.xctest */,
			);
			name = Products;
			sourceTree = "<group>";
		};
		4D8A3EEE1CF3D14D000C2D42 /* DailyNote */ = {
			isa = PBXGroup;
			children = (
				4D8A3F251CF3D615000C2D42 /* Classes */,
				4D8A3EF81CF3D14D000C2D42 /* Main.storyboard */,
				4D8A3EFE1CF3D14D000C2D42 /* Assets.xcassets */,
				4D8A3F001CF3D14D000C2D42 /* LaunchScreen.storyboard */,
				4D8A3F031CF3D14D000C2D42 /* Info.plist */,
				4D8A3EFB1CF3D14D000C2D42 /* DailyNote.xcdatamodeld */,
				4D8A3EEF1CF3D14D000C2D42 /* Supporting Files */,
			);
			path = DailyNote;
			sourceTree = "<group>";
		};
		4D8A3EEF1CF3D14D000C2D42 /* Supporting Files */ = {
			isa = PBXGroup;
			children = (
				4D8A3EF01CF3D14D000C2D42 /* main.m */,
			);
			name = "Supporting Files";
			sourceTree = "<group>";
		};
		4D8A3F0B1CF3D14D000C2D42 /* DailyNoteTests */ = {
			isa = PBXGroup;
			children = (
				4D8A3F0C1CF3D14D000C2D42 /* DailyNoteTests.m */,
				4D8A3F0E1CF3D14D000C2D42 /* Info.plist */,
			);
			path = DailyNoteTests;
			sourceTree = "<group>";
		};
		4D8A3F161CF3D14D000C2D42 /* DailyNoteUITests */ = {
			isa = PBXGroup;
			children = (
				4D8A3F171CF3D14D000C2D42 /* DailyNoteUITests.m */,
				4D8A3F191CF3D14D000C2D42 /* Info.plist */,
			);
			path = DailyNoteUITests;
			sourceTree = "<group>";
		};
		4D8A3F251CF3D615000C2D42 /* Classes */ = {
			isa = PBXGroup;
			children = (
				4D8A3F261CF3D615000C2D42 /* AppDelegate */,
				4D8A3F291CF3D615000C2D42 /* Headers */,
				4D8A3F2A1CF3D615000C2D42 /* Helpers */,
				4D8A3F2B1CF3D615000C2D42 /* Models */,
				4D8A3F2C1CF3D615000C2D42 /* Resources */,
				4D8A3F2D1CF3D615000C2D42 /* ThirdParties */,
				4D8A3F2E1CF3D615000C2D42 /* ViewControllers */,
				4D8A3F311CF3D615000C2D42 /* Views */,
			);
			path = Classes;
			sourceTree = "<group>";
		};
		4D8A3F261CF3D615000C2D42 /* AppDelegate */ = {
			isa = PBXGroup;
			children = (
				4D8A3F271CF3D615000C2D42 /* AppDelegate.h */,
				4D8A3F281CF3D615000C2D42 /* AppDelegate.m */,
			);
			path = AppDelegate;
			sourceTree = "<group>";
		};
		4D8A3F291CF3D615000C2D42 /* Headers */ = {
			isa = PBXGroup;
			children = (
			);
			path = Headers;
			sourceTree = "<group>";
		};
		4D8A3F2A1CF3D615000C2D42 /* Helpers */ = {
			isa = PBXGroup;
			children = (
			);
			path = Helpers;
			sourceTree = "<group>";
		};
		4D8A3F2B1CF3D615000C2D42 /* Models */ = {
			isa = PBXGroup;
			children = (
			);
			path = Models;
			sourceTree = "<group>";
		};
		4D8A3F2C1CF3D615000C2D42 /* Resources */ = {
			isa = PBXGroup;
			children = (
			);
			path = Resources;
			sourceTree = "<group>";
		};
		4D8A3F2D1CF3D615000C2D42 /* ThirdParties */ = {
			isa = PBXGroup;
			children = (
			);
			path = ThirdParties;
			sourceTree = "<group>";
		};
		4D8A3F2E1CF3D615000C2D42 /* ViewControllers */ = {
			isa = PBXGroup;
			children = (
				4D8A3F2F1CF3D615000C2D42 /* BaseViewControllers */,
				4D8A3F301CF3D615000C2D42 /* NormalViewControllers */,
			);
			path = ViewControllers;
			sourceTree = "<group>";
		};
		4D8A3F2F1CF3D615000C2D42 /* BaseViewControllers */ = {
			isa = PBXGroup;
			children = (
				4D8A3F351CF3D769000C2D42 /* WLLDailyNoteViewController.h */,
				4D8A3F361CF3D769000C2D42 /* WLLDailyNoteViewController.m */,
				4D8A3F371CF3D769000C2D42 /* WLLDailyNoteViewController.xib */,
				4D8A3F3A1CF3D7A1000C2D42 /* WLLShareViewController.h */,
				4D8A3F3B1CF3D7A1000C2D42 /* WLLShareViewController.m */,
				4D8A3F3C1CF3D7A1000C2D42 /* WLLShareViewController.xib */,
				4D8A3F3F1CF3D7C1000C2D42 /* WLLUserViewController.h */,
				4D8A3F401CF3D7C1000C2D42 /* WLLUserViewController.m */,
				4D8A3F411CF3D7C1000C2D42 /* WLLUserViewController.xib */,
			);
			path = BaseViewControllers;
			sourceTree = "<group>";
		};
		4D8A3F301CF3D615000C2D42 /* NormalViewControllers */ = {
			isa = PBXGroup;
			children = (
				4D8A3F441CF423F1000C2D42 /* WLLLogInViewController.h */,
				4D8A3F451CF423F1000C2D42 /* WLLLogInViewController.m */,
				4D8A3F461CF423F1000C2D42 /* WLLLogInViewController.xib */,
				F3BE26F51CF49DA00071855E /* WLLNoteDetailViewController.h */,
				F3BE26F61CF49DA00071855E /* WLLNoteDetailViewController.m */,
				F3BE26F71CF49DA00071855E /* WLLNoteDetailViewController.xib */,
				F3BE26FA1CF4ACA40071855E /* EditNoteViewController.h */,
				F3BE26FB1CF4ACA40071855E /* EditNoteViewController.m */,
				F3BE26FC1CF4ACA40071855E /* EditNoteViewController.xib */,
				F3BE27101CF4DA0E0071855E /* WLLNotesCategoryController.h */,
				F3BE27111CF4DA0E0071855E /* WLLNotesCategoryController.m */,
				F3BE27131CF4DA2C0071855E /* WLLNotesCategoryController.xib */,
			);
			path = NormalViewControllers;
			sourceTree = "<group>";
		};
		4D8A3F311CF3D615000C2D42 /* Views */ = {
			isa = PBXGroup;
			children = (
				4D8A3F321CF3D615000C2D42 /* BaseViews */,
				4D8A3F331CF3D615000C2D42 /* NormalViews */,
			);
			path = Views;
			sourceTree = "<group>";
		};
		4D8A3F321CF3D615000C2D42 /* BaseViews */ = {
			isa = PBXGroup;
			children = (
				F3BE26EB1CF445F50071855E /* DailyNoteCell.h */,
				F3BE26EC1CF445F50071855E /* DailyNoteCell.m */,
				F3BE26ED1CF445F50071855E /* DailyNoteCell.xib */,
			);
			path = BaseViews;
			sourceTree = "<group>";
		};
		4D8A3F331CF3D615000C2D42 /* NormalViews */ = {
			isa = PBXGroup;
			children = (
				F3BE27021CF4CC460071855E /* WLLCategoryButton.h */,
				F3BE27031CF4CC460071855E /* WLLCategoryButton.m */,
				F3BE270D1CF4D99A0071855E /* WLLNotesCategoryView.h */,
				F3BE270E1CF4D99A0071855E /* WLLNotesCategoryView.m */,
			);
			path = NormalViews;
			sourceTree = "<group>";
		};
		F4D1E47F5F7EEB4860E1E806 /* Frameworks */ = {
			isa = PBXGroup;
			children = (
				3A274DBB65D8CD8315FA844C /* libPods-DailyNote.a */,
			);
			name = Frameworks;
			sourceTree = "<group>";
		};
/* End PBXGroup section */

/* Begin PBXNativeTarget section */
		4D8A3EEB1CF3D14D000C2D42 /* DailyNote */ = {
			isa = PBXNativeTarget;
			buildConfigurationList = 4D8A3F1C1CF3D14D000C2D42 /* Build configuration list for PBXNativeTarget "DailyNote" */;
			buildPhases = (
				687D59F55864EB441D6E68FD /* 📦 Check Pods Manifest.lock */,
				4D8A3EE81CF3D14D000C2D42 /* Sources */,
				4D8A3EE91CF3D14D000C2D42 /* Frameworks */,
				4D8A3EEA1CF3D14D000C2D42 /* Resources */,
				A8B17FDFBA93306E9968A1EA /* 📦 Embed Pods Frameworks */,
				5D259A8E82E1CCBFE9AEA28D /* 📦 Copy Pods Resources */,
			);
			buildRules = (
			);
			dependencies = (
			);
			name = DailyNote;
			productName = DailyNote;
			productReference = 4D8A3EEC1CF3D14D000C2D42 /* DailyNote.app */;
			productType = "com.apple.product-type.application";
		};
		4D8A3F071CF3D14D000C2D42 /* DailyNoteTests */ = {
			isa = PBXNativeTarget;
			buildConfigurationList = 4D8A3F1F1CF3D14D000C2D42 /* Build configuration list for PBXNativeTarget "DailyNoteTests" */;
			buildPhases = (
				4D8A3F041CF3D14D000C2D42 /* Sources */,
				4D8A3F051CF3D14D000C2D42 /* Frameworks */,
				4D8A3F061CF3D14D000C2D42 /* Resources */,
			);
			buildRules = (
			);
			dependencies = (
				4D8A3F0A1CF3D14D000C2D42 /* PBXTargetDependency */,
			);
			name = DailyNoteTests;
			productName = DailyNoteTests;
			productReference = 4D8A3F081CF3D14D000C2D42 /* DailyNoteTests.xctest */;
			productType = "com.apple.product-type.bundle.unit-test";
		};
		4D8A3F121CF3D14D000C2D42 /* DailyNoteUITests */ = {
			isa = PBXNativeTarget;
			buildConfigurationList = 4D8A3F221CF3D14D000C2D42 /* Build configuration list for PBXNativeTarget "DailyNoteUITests" */;
			buildPhases = (
				4D8A3F0F1CF3D14D000C2D42 /* Sources */,
				4D8A3F101CF3D14D000C2D42 /* Frameworks */,
				4D8A3F111CF3D14D000C2D42 /* Resources */,
			);
			buildRules = (
			);
			dependencies = (
				4D8A3F151CF3D14D000C2D42 /* PBXTargetDependency */,
			);
			name = DailyNoteUITests;
			productName = DailyNoteUITests;
			productReference = 4D8A3F131CF3D14D000C2D42 /* DailyNoteUITests.xctest */;
			productType = "com.apple.product-type.bundle.ui-testing";
		};
/* End PBXNativeTarget section */

/* Begin PBXProject section */
		4D8A3EE41CF3D14D000C2D42 /* Project object */ = {
			isa = PBXProject;
			attributes = {
				LastUpgradeCheck = 0730;
				ORGANIZATIONNAME = Messi;
				TargetAttributes = {
					4D8A3EEB1CF3D14D000C2D42 = {
						CreatedOnToolsVersion = 7.3.1;
					};
					4D8A3F071CF3D14D000C2D42 = {
						CreatedOnToolsVersion = 7.3.1;
						TestTargetID = 4D8A3EEB1CF3D14D000C2D42;
					};
					4D8A3F121CF3D14D000C2D42 = {
						CreatedOnToolsVersion = 7.3.1;
						TestTargetID = 4D8A3EEB1CF3D14D000C2D42;
					};
				};
			};
			buildConfigurationList = 4D8A3EE71CF3D14D000C2D42 /* Build configuration list for PBXProject "DailyNote" */;
			compatibilityVersion = "Xcode 3.2";
			developmentRegion = English;
			hasScannedForEncodings = 0;
			knownRegions = (
				en,
				Base,
			);
			mainGroup = 4D8A3EE31CF3D14D000C2D42;
			productRefGroup = 4D8A3EED1CF3D14D000C2D42 /* Products */;
			projectDirPath = "";
			projectRoot = "";
			targets = (
				4D8A3EEB1CF3D14D000C2D42 /* DailyNote */,
				4D8A3F071CF3D14D000C2D42 /* DailyNoteTests */,
				4D8A3F121CF3D14D000C2D42 /* DailyNoteUITests */,
			);
		};
/* End PBXProject section */

/* Begin PBXResourcesBuildPhase section */
		4D8A3EEA1CF3D14D000C2D42 /* Resources */ = {
			isa = PBXResourcesBuildPhase;
			buildActionMask = 2147483647;
			files = (
				4D8A3F021CF3D14D000C2D42 /* LaunchScreen.storyboard in Resources */,
				4D8A3EFF1CF3D14D000C2D42 /* Assets.xcassets in Resources */,
				F3BE26F91CF49DA00071855E /* WLLNoteDetailViewController.xib in Resources */,
				F3BE27141CF4DA2C0071855E /* WLLNotesCategoryController.xib in Resources */,
				4D8A3F3E1CF3D7A1000C2D42 /* WLLShareViewController.xib in Resources */,
				F3BE26EF1CF445F50071855E /* DailyNoteCell.xib in Resources */,
				4D8A3F481CF423F1000C2D42 /* WLLLogInViewController.xib in Resources */,
				F3BE26FE1CF4ACA40071855E /* EditNoteViewController.xib in Resources */,
				4D8A3F391CF3D769000C2D42 /* WLLDailyNoteViewController.xib in Resources */,
				4D8A3EFA1CF3D14D000C2D42 /* Main.storyboard in Resources */,
				4D8A3F431CF3D7C1000C2D42 /* WLLUserViewController.xib in Resources */,
			);
			runOnlyForDeploymentPostprocessing = 0;
		};
		4D8A3F061CF3D14D000C2D42 /* Resources */ = {
			isa = PBXResourcesBuildPhase;
			buildActionMask = 2147483647;
			files = (
			);
			runOnlyForDeploymentPostprocessing = 0;
		};
		4D8A3F111CF3D14D000C2D42 /* Resources */ = {
			isa = PBXResourcesBuildPhase;
			buildActionMask = 2147483647;
			files = (
			);
			runOnlyForDeploymentPostprocessing = 0;
		};
/* End PBXResourcesBuildPhase section */

/* Begin PBXShellScriptBuildPhase section */
		5D259A8E82E1CCBFE9AEA28D /* 📦 Copy Pods Resources */ = {
			isa = PBXShellScriptBuildPhase;
			buildActionMask = 2147483647;
			files = (
			);
			inputPaths = (
			);
			name = "📦 Copy Pods Resources";
			outputPaths = (
			);
			runOnlyForDeploymentPostprocessing = 0;
			shellPath = /bin/sh;
			shellScript = "\"${SRCROOT}/Pods/Target Support Files/Pods-DailyNote/Pods-DailyNote-resources.sh\"\n";
			showEnvVarsInLog = 0;
		};
		687D59F55864EB441D6E68FD /* 📦 Check Pods Manifest.lock */ = {
			isa = PBXShellScriptBuildPhase;
			buildActionMask = 2147483647;
			files = (
			);
			inputPaths = (
			);
			name = "📦 Check Pods Manifest.lock";
			outputPaths = (
			);
			runOnlyForDeploymentPostprocessing = 0;
			shellPath = /bin/sh;
			shellScript = "diff \"${PODS_ROOT}/../Podfile.lock\" \"${PODS_ROOT}/Manifest.lock\" > /dev/null\nif [[ $? != 0 ]] ; then\n    cat << EOM\nerror: The sandbox is not in sync with the Podfile.lock. Run 'pod install' or update your CocoaPods installation.\nEOM\n    exit 1\nfi\n";
			showEnvVarsInLog = 0;
		};
		A8B17FDFBA93306E9968A1EA /* 📦 Embed Pods Frameworks */ = {
			isa = PBXShellScriptBuildPhase;
			buildActionMask = 2147483647;
			files = (
			);
			inputPaths = (
			);
			name = "📦 Embed Pods Frameworks";
			outputPaths = (
			);
			runOnlyForDeploymentPostprocessing = 0;
			shellPath = /bin/sh;
			shellScript = "\"${SRCROOT}/Pods/Target Support Files/Pods-DailyNote/Pods-DailyNote-frameworks.sh\"\n";
			showEnvVarsInLog = 0;
		};
/* End PBXShellScriptBuildPhase section */

/* Begin PBXSourcesBuildPhase section */
		4D8A3EE81CF3D14D000C2D42 /* Sources */ = {
			isa = PBXSourcesBuildPhase;
			buildActionMask = 2147483647;
			files = (
				4D8A3EF11CF3D14D000C2D42 /* main.m in Sources */,
				4D8A3EFD1CF3D14D000C2D42 /* DailyNote.xcdatamodeld in Sources */,
				F3BE26FD1CF4ACA40071855E /* EditNoteViewController.m in Sources */,
				F3BE27121CF4DA0E0071855E /* WLLNotesCategoryController.m in Sources */,
				F3BE27041CF4CC460071855E /* WLLCategoryButton.m in Sources */,
				4D8A3F381CF3D769000C2D42 /* WLLDailyNoteViewController.m in Sources */,
				F3BE26F81CF49DA00071855E /* WLLNoteDetailViewController.m in Sources */,
				F3BE270F1CF4D99A0071855E /* WLLNotesCategoryView.m in Sources */,
				F3BE26EE1CF445F50071855E /* DailyNoteCell.m in Sources */,
				4D8A3F471CF423F1000C2D42 /* WLLLogInViewController.m in Sources */,
				4D8A3F3D1CF3D7A1000C2D42 /* WLLShareViewController.m in Sources */,
				4D8A3F341CF3D615000C2D42 /* AppDelegate.m in Sources */,
				4D8A3F421CF3D7C1000C2D42 /* WLLUserViewController.m in Sources */,
			);
			runOnlyForDeploymentPostprocessing = 0;
		};
		4D8A3F041CF3D14D000C2D42 /* Sources */ = {
			isa = PBXSourcesBuildPhase;
			buildActionMask = 2147483647;
			files = (
				4D8A3F0D1CF3D14D000C2D42 /* DailyNoteTests.m in Sources */,
			);
			runOnlyForDeploymentPostprocessing = 0;
		};
		4D8A3F0F1CF3D14D000C2D42 /* Sources */ = {
			isa = PBXSourcesBuildPhase;
			buildActionMask = 2147483647;
			files = (
				4D8A3F181CF3D14D000C2D42 /* DailyNoteUITests.m in Sources */,
			);
			runOnlyForDeploymentPostprocessing = 0;
		};
/* End PBXSourcesBuildPhase section */

/* Begin PBXTargetDependency section */
		4D8A3F0A1CF3D14D000C2D42 /* PBXTargetDependency */ = {
			isa = PBXTargetDependency;
			target = 4D8A3EEB1CF3D14D000C2D42 /* DailyNote */;
			targetProxy = 4D8A3F091CF3D14D000C2D42 /* PBXContainerItemProxy */;
		};
		4D8A3F151CF3D14D000C2D42 /* PBXTargetDependency */ = {
			isa = PBXTargetDependency;
			target = 4D8A3EEB1CF3D14D000C2D42 /* DailyNote */;
			targetProxy = 4D8A3F141CF3D14D000C2D42 /* PBXContainerItemProxy */;
		};
/* End PBXTargetDependency section */

/* Begin PBXVariantGroup section */
		4D8A3EF81CF3D14D000C2D42 /* Main.storyboard */ = {
			isa = PBXVariantGroup;
			children = (
				4D8A3EF91CF3D14D000C2D42 /* Base */,
			);
			name = Main.storyboard;
			sourceTree = "<group>";
		};
		4D8A3F001CF3D14D000C2D42 /* LaunchScreen.storyboard */ = {
			isa = PBXVariantGroup;
			children = (
				4D8A3F011CF3D14D000C2D42 /* Base */,
			);
			name = LaunchScreen.storyboard;
			sourceTree = "<group>";
		};
/* End PBXVariantGroup section */

/* Begin XCBuildConfiguration section */
		4D8A3F1A1CF3D14D000C2D42 /* Debug */ = {
			isa = XCBuildConfiguration;
			buildSettings = {
				ALWAYS_SEARCH_USER_PATHS = NO;
				CLANG_ANALYZER_NONNULL = YES;
				CLANG_CXX_LANGUAGE_STANDARD = "gnu++0x";
				CLANG_CXX_LIBRARY = "libc++";
				CLANG_ENABLE_MODULES = YES;
				CLANG_ENABLE_OBJC_ARC = YES;
				CLANG_WARN_BOOL_CONVERSION = YES;
				CLANG_WARN_CONSTANT_CONVERSION = YES;
				CLANG_WARN_DIRECT_OBJC_ISA_USAGE = YES_ERROR;
				CLANG_WARN_EMPTY_BODY = YES;
				CLANG_WARN_ENUM_CONVERSION = YES;
				CLANG_WARN_INT_CONVERSION = YES;
				CLANG_WARN_OBJC_ROOT_CLASS = YES_ERROR;
				CLANG_WARN_UNREACHABLE_CODE = YES;
				CLANG_WARN__DUPLICATE_METHOD_MATCH = YES;
				"CODE_SIGN_IDENTITY[sdk=iphoneos*]" = "iPhone Developer";
				COPY_PHASE_STRIP = NO;
				DEBUG_INFORMATION_FORMAT = dwarf;
				ENABLE_STRICT_OBJC_MSGSEND = YES;
				ENABLE_TESTABILITY = YES;
				GCC_C_LANGUAGE_STANDARD = gnu99;
				GCC_DYNAMIC_NO_PIC = NO;
				GCC_NO_COMMON_BLOCKS = YES;
				GCC_OPTIMIZATION_LEVEL = 0;
				GCC_PREPROCESSOR_DEFINITIONS = (
					"DEBUG=1",
					"$(inherited)",
				);
				GCC_WARN_64_TO_32_BIT_CONVERSION = YES;
				GCC_WARN_ABOUT_RETURN_TYPE = YES_ERROR;
				GCC_WARN_UNDECLARED_SELECTOR = YES;
				GCC_WARN_UNINITIALIZED_AUTOS = YES_AGGRESSIVE;
				GCC_WARN_UNUSED_FUNCTION = YES;
				GCC_WARN_UNUSED_VARIABLE = YES;
				IPHONEOS_DEPLOYMENT_TARGET = 9.3;
				MTL_ENABLE_DEBUG_INFO = YES;
				ONLY_ACTIVE_ARCH = YES;
				SDKROOT = iphoneos;
			};
			name = Debug;
		};
		4D8A3F1B1CF3D14D000C2D42 /* Release */ = {
			isa = XCBuildConfiguration;
			buildSettings = {
				ALWAYS_SEARCH_USER_PATHS = NO;
				CLANG_ANALYZER_NONNULL = YES;
				CLANG_CXX_LANGUAGE_STANDARD = "gnu++0x";
				CLANG_CXX_LIBRARY = "libc++";
				CLANG_ENABLE_MODULES = YES;
				CLANG_ENABLE_OBJC_ARC = YES;
				CLANG_WARN_BOOL_CONVERSION = YES;
				CLANG_WARN_CONSTANT_CONVERSION = YES;
				CLANG_WARN_DIRECT_OBJC_ISA_USAGE = YES_ERROR;
				CLANG_WARN_EMPTY_BODY = YES;
				CLANG_WARN_ENUM_CONVERSION = YES;
				CLANG_WARN_INT_CONVERSION = YES;
				CLANG_WARN_OBJC_ROOT_CLASS = YES_ERROR;
				CLANG_WARN_UNREACHABLE_CODE = YES;
				CLANG_WARN__DUPLICATE_METHOD_MATCH = YES;
				"CODE_SIGN_IDENTITY[sdk=iphoneos*]" = "iPhone Developer";
				COPY_PHASE_STRIP = NO;
				DEBUG_INFORMATION_FORMAT = "dwarf-with-dsym";
				ENABLE_NS_ASSERTIONS = NO;
				ENABLE_STRICT_OBJC_MSGSEND = YES;
				GCC_C_LANGUAGE_STANDARD = gnu99;
				GCC_NO_COMMON_BLOCKS = YES;
				GCC_WARN_64_TO_32_BIT_CONVERSION = YES;
				GCC_WARN_ABOUT_RETURN_TYPE = YES_ERROR;
				GCC_WARN_UNDECLARED_SELECTOR = YES;
				GCC_WARN_UNINITIALIZED_AUTOS = YES_AGGRESSIVE;
				GCC_WARN_UNUSED_FUNCTION = YES;
				GCC_WARN_UNUSED_VARIABLE = YES;
				IPHONEOS_DEPLOYMENT_TARGET = 9.3;
				MTL_ENABLE_DEBUG_INFO = NO;
				SDKROOT = iphoneos;
				VALIDATE_PRODUCT = YES;
			};
			name = Release;
		};
		4D8A3F1D1CF3D14D000C2D42 /* Debug */ = {
			isa = XCBuildConfiguration;
			baseConfigurationReference = 0428E0BC44A15683D73BA0BF /* Pods-DailyNote.debug.xcconfig */;
			buildSettings = {
				ASSETCATALOG_COMPILER_APPICON_NAME = AppIcon;
				INFOPLIST_FILE = DailyNote/Info.plist;
				LD_RUNPATH_SEARCH_PATHS = "$(inherited) @executable_path/Frameworks";
				PRODUCT_BUNDLE_IDENTIFIER = com.JustThree.DailyNote;
				PRODUCT_NAME = "$(TARGET_NAME)";
			};
			name = Debug;
		};
		4D8A3F1E1CF3D14D000C2D42 /* Release */ = {
			isa = XCBuildConfiguration;
			baseConfigurationReference = AA9803D23890D8C5859509F5 /* Pods-DailyNote.release.xcconfig */;
			buildSettings = {
				ASSETCATALOG_COMPILER_APPICON_NAME = AppIcon;
				INFOPLIST_FILE = DailyNote/Info.plist;
				LD_RUNPATH_SEARCH_PATHS = "$(inherited) @executable_path/Frameworks";
				PRODUCT_BUNDLE_IDENTIFIER = com.JustThree.DailyNote;
				PRODUCT_NAME = "$(TARGET_NAME)";
			};
			name = Release;
		};
		4D8A3F201CF3D14D000C2D42 /* Debug */ = {
			isa = XCBuildConfiguration;
			buildSettings = {
				BUNDLE_LOADER = "$(TEST_HOST)";
				INFOPLIST_FILE = DailyNoteTests/Info.plist;
				LD_RUNPATH_SEARCH_PATHS = "$(inherited) @executable_path/Frameworks @loader_path/Frameworks";
				PRODUCT_BUNDLE_IDENTIFIER = com.JustThree.DailyNoteTests;
				PRODUCT_NAME = "$(TARGET_NAME)";
				TEST_HOST = "$(BUILT_PRODUCTS_DIR)/DailyNote.app/DailyNote";
			};
			name = Debug;
		};
		4D8A3F211CF3D14D000C2D42 /* Release */ = {
			isa = XCBuildConfiguration;
			buildSettings = {
				BUNDLE_LOADER = "$(TEST_HOST)";
				INFOPLIST_FILE = DailyNoteTests/Info.plist;
				LD_RUNPATH_SEARCH_PATHS = "$(inherited) @executable_path/Frameworks @loader_path/Frameworks";
				PRODUCT_BUNDLE_IDENTIFIER = com.JustThree.DailyNoteTests;
				PRODUCT_NAME = "$(TARGET_NAME)";
				TEST_HOST = "$(BUILT_PRODUCTS_DIR)/DailyNote.app/DailyNote";
			};
			name = Release;
		};
		4D8A3F231CF3D14D000C2D42 /* Debug */ = {
			isa = XCBuildConfiguration;
			buildSettings = {
				INFOPLIST_FILE = DailyNoteUITests/Info.plist;
				LD_RUNPATH_SEARCH_PATHS = "$(inherited) @executable_path/Frameworks @loader_path/Frameworks";
				PRODUCT_BUNDLE_IDENTIFIER = com.JustThree.DailyNoteUITests;
				PRODUCT_NAME = "$(TARGET_NAME)";
				TEST_TARGET_NAME = DailyNote;
			};
			name = Debug;
		};
		4D8A3F241CF3D14D000C2D42 /* Release */ = {
			isa = XCBuildConfiguration;
			buildSettings = {
				INFOPLIST_FILE = DailyNoteUITests/Info.plist;
				LD_RUNPATH_SEARCH_PATHS = "$(inherited) @executable_path/Frameworks @loader_path/Frameworks";
				PRODUCT_BUNDLE_IDENTIFIER = com.JustThree.DailyNoteUITests;
				PRODUCT_NAME = "$(TARGET_NAME)";
				TEST_TARGET_NAME = DailyNote;
			};
			name = Release;
		};
/* End XCBuildConfiguration section */

/* Begin XCConfigurationList section */
		4D8A3EE71CF3D14D000C2D42 /* Build configuration list for PBXProject "DailyNote" */ = {
			isa = XCConfigurationList;
			buildConfigurations = (
				4D8A3F1A1CF3D14D000C2D42 /* Debug */,
				4D8A3F1B1CF3D14D000C2D42 /* Release */,
			);
			defaultConfigurationIsVisible = 0;
			defaultConfigurationName = Release;
		};
		4D8A3F1C1CF3D14D000C2D42 /* Build configuration list for PBXNativeTarget "DailyNote" */ = {
			isa = XCConfigurationList;
			buildConfigurations = (
				4D8A3F1D1CF3D14D000C2D42 /* Debug */,
				4D8A3F1E1CF3D14D000C2D42 /* Release */,
			);
			defaultConfigurationIsVisible = 0;
			defaultConfigurationName = Release;
		};
		4D8A3F1F1CF3D14D000C2D42 /* Build configuration list for PBXNativeTarget "DailyNoteTests" */ = {
			isa = XCConfigurationList;
			buildConfigurations = (
				4D8A3F201CF3D14D000C2D42 /* Debug */,
				4D8A3F211CF3D14D000C2D42 /* Release */,
			);
			defaultConfigurationIsVisible = 0;
			defaultConfigurationName = Release;
		};
		4D8A3F221CF3D14D000C2D42 /* Build configuration list for PBXNativeTarget "DailyNoteUITests" */ = {
			isa = XCConfigurationList;
			buildConfigurations = (
				4D8A3F231CF3D14D000C2D42 /* Debug */,
				4D8A3F241CF3D14D000C2D42 /* Release */,
			);
			defaultConfigurationIsVisible = 0;
			defaultConfigurationName = Release;
		};
/* End XCConfigurationList section */

/* Begin XCVersionGroup section */
		4D8A3EFB1CF3D14D000C2D42 /* DailyNote.xcdatamodeld */ = {
			isa = XCVersionGroup;
			children = (
				4D8A3EFC1CF3D14D000C2D42 /* DailyNote.xcdatamodel */,
			);
			currentVersion = 4D8A3EFC1CF3D14D000C2D42 /* DailyNote.xcdatamodel */;
			path = DailyNote.xcdatamodeld;
			sourceTree = "<group>";
			versionGroupType = wrapper.xcdatamodel;
		};
/* End XCVersionGroup section */
	};
	rootObject = 4D8A3EE41CF3D14D000C2D42 /* Project object */;
}
